
Microsoft Visual Studio Solution File, Format Version 12.00
# Visual Studio Version 17
VisualStudioVersion = 17.3.32804.467
MinimumVisualStudioVersion = 10.0.40219.1
Project("{9A19103F-16F7-4668-BE54-9A1E7A4F7556}") = "Batch1-DET-2022", "Batch1-DET-2022\Batch1-DET-2022.csproj", "{061405F1-B10A-4306-8F16-974E41AA30D9}"
EndProject
Project("{9A19103F-16F7-4668-BE54-9A1E7A4F7556}") = "MyClassLibrary", "MyClassLibrary\MyClassLibrary.csproj", "{667F8997-BEF1-4112-9CEE-7018470A8AA7}"
EndProject
Project("{9A19103F-16F7-4668-BE54-9A1E7A4F7556}") = "TestProject_MyLibrary", "TestProject_MyLibrary\TestProject_MyLibrary.csproj", "{CA9543C6-E867-464D-A976-82BB2F720144}"
EndProject
Global
	GlobalSection(SolutionConfigurationPlatforms) = preSolution
		Debug|Any CPU = Debug|Any CPU
		Release|Any CPU = Release|Any CPU
	EndGlobalSection
	GlobalSection(ProjectConfigurationPlatforms) = postSolution
		{061405F1-B10A-4306-8F16-974E41AA30D9}.Debug|Any CPU.ActiveCfg = Debug|Any CPU
		{061405F1-B10A-4306-8F16-974E41AA30D9}.Debug|Any CPU.Build.0 = Debug|Any CPU
		{061405F1-B10A-4306-8F16-974E41AA30D9}.Release|Any CPU.ActiveCfg = Release|Any CPU
		{061405F1-B10A-4306-8F16-974E41AA30D9}.Release|Any CPU.Build.0 = Release|Any CPU
		{667F8997-BEF1-4112-9CEE-7018470A8AA7}.Debug|Any CPU.ActiveCfg = Debug|Any CPU
		{667F8997-BEF1-4112-9CEE-7018470A8AA7}.Debug|Any CPU.Build.0 = Debug|Any CPU
		{667F8997-BEF1-4112-9CEE-7018470A8AA7}.Release|Any CPU.ActiveCfg = Release|Any CPU
		{667F8997-BEF1-4112-9CEE-7018470A8AA7}.Release|Any CPU.Build.0 = Release|Any CPU
		{CA9543C6-E867-464D-A976-82BB2F720144}.Debug|Any CPU.ActiveCfg = Debug|Any CPU
		{CA9543C6-E867-464D-A976-82BB2F720144}.Debug|Any CPU.Build.0 = Debug|Any CPU
		{CA9543C6-E867-464D-A976-82BB2F720144}.Release|Any CPU.ActiveCfg = Release|Any CPU
		{CA9543C6-E867-464D-A976-82BB2F720144}.Release|Any CPU.Build.0 = Release|Any CPU
	EndGlobalSection
	GlobalSection(SolutionProperties) = preSolution
		HideSolutionNode = FALSE
	EndGlobalSection
	GlobalSection(ExtensibilityGlobals) = postSolution
		SolutionGuid = {B431165B-D1A4-414B-A115-BDB54510652C}
	EndGlobalSection
EndGlobal
